
Microsoft Visual Studio Solution File, Format Version 12.00
# Visual Studio Version 17
VisualStudioVersion = 17.12.35506.116
MinimumVisualStudioVersion = 10.0.40219.1
Project("{FAE04EC0-301F-11D3-BF4B-00C04F79EFBC}") = "Yotic.Korn.MainPlugin", "Yotic.Korn.MainPlugin\Yotic.Korn.MainPlugin.csproj", "{F6CF57B4-B09B-48EF-94FD-8CC67C046FBD}"
EndProject
Project("{2150E333-8FDC-42A3-9474-1A3956D46DE8}") = "Korn", "Korn", "{AD1991CE-4832-4F0A-8668-698CFD9838CB}"
EndProject
Project("{FAE04EC0-301F-11D3-BF4B-00C04F79EFBC}") = "Korn.Plugins.Core", "..\Korn.Plugins.Core\Korn.Plugins.Core\Korn.Plugins.Core.csproj", "{08342DB5-CF52-4AFC-8F03-BD76956A04EB}"
EndProject
Project("{FAE04EC0-301F-11D3-BF4B-00C04F79EFBC}") = "Korn.Logger", "..\Korn.Logger\Korn.Logger\Korn.Logger.csproj", "{38E93744-8FFA-40D7-97FE-B41B1C3F3AFD}"
EndProject
Project("{FAE04EC0-301F-11D3-BF4B-00C04F79EFBC}") = "Korn.Hooking", "..\Korn.Hooking\Korn.Hooking\Korn.Hooking.csproj", "{ECFB40DB-A4D5-45D5-8C9F-29CF9B271B79}"
EndProject
Project("{FAE04EC0-301F-11D3-BF4B-00C04F79EFBC}") = "Korn.Shared", "..\Korn.Shared\Korn.Shared\Korn.Shared.csproj", "{675D775D-A248-4223-B9ED-636B372290BB}"
EndProject
Project("{FAE04EC0-301F-11D3-BF4B-00C04F79EFBC}") = "Korn.Shared.Internal", "..\Korn.Shared.Internal\Korn.Shared.Internal\Korn.Shared.Internal.csproj", "{4DD165EC-B24B-4563-B891-1934E1F17ACC}"
EndProject
Project("{FAE04EC0-301F-11D3-BF4B-00C04F79EFBC}") = "Korn.Interface", "..\Korn.Interface\Korn.Interface\Korn.Interface.csproj", "{4E2BC6AB-E62B-4E12-9AA5-8D5C559C7BFF}"
EndProject
Project("{FAE04EC0-301F-11D3-BF4B-00C04F79EFBC}") = "Korn.Bootstrapper", "..\Korn.Bootstrapper\Korn.Bootstrapper\Korn.Bootstrapper.csproj", "{C95FCC17-8F94-447F-9EB1-996C6403E7DD}"
EndProject
Project("{FAE04EC0-301F-11D3-BF4B-00C04F79EFBC}") = "Korn.Utils.Assembler", "..\Korn.Utils.Assembler\Korn.Utils.Assembler\Korn.Utils.Assembler.csproj", "{DCA32B32-2192-4D42-9262-9B3EF84B70ED}"
EndProject
Global
	GlobalSection(SolutionConfigurationPlatforms) = preSolution
		Debug|Any CPU = Debug|Any CPU
		Debug|x64 = Debug|x64
		Release|Any CPU = Release|Any CPU
		Release|x64 = Release|x64
	EndGlobalSection
	GlobalSection(ProjectConfigurationPlatforms) = postSolution
		{F6CF57B4-B09B-48EF-94FD-8CC67C046FBD}.Debug|Any CPU.ActiveCfg = Debug|Any CPU
		{F6CF57B4-B09B-48EF-94FD-8CC67C046FBD}.Debug|Any CPU.Build.0 = Debug|Any CPU
		{F6CF57B4-B09B-48EF-94FD-8CC67C046FBD}.Debug|x64.ActiveCfg = Debug|x64
		{F6CF57B4-B09B-48EF-94FD-8CC67C046FBD}.Debug|x64.Build.0 = Debug|x64
		{F6CF57B4-B09B-48EF-94FD-8CC67C046FBD}.Release|Any CPU.ActiveCfg = Release|Any CPU
		{F6CF57B4-B09B-48EF-94FD-8CC67C046FBD}.Release|Any CPU.Build.0 = Release|Any CPU
		{F6CF57B4-B09B-48EF-94FD-8CC67C046FBD}.Release|x64.ActiveCfg = Release|x64
		{F6CF57B4-B09B-48EF-94FD-8CC67C046FBD}.Release|x64.Build.0 = Release|x64
		{08342DB5-CF52-4AFC-8F03-BD76956A04EB}.Debug|Any CPU.ActiveCfg = Debug|Any CPU
		{08342DB5-CF52-4AFC-8F03-BD76956A04EB}.Debug|Any CPU.Build.0 = Debug|Any CPU
		{08342DB5-CF52-4AFC-8F03-BD76956A04EB}.Debug|x64.ActiveCfg = Debug|x64
		{08342DB5-CF52-4AFC-8F03-BD76956A04EB}.Debug|x64.Build.0 = Debug|x64
		{08342DB5-CF52-4AFC-8F03-BD76956A04EB}.Release|Any CPU.ActiveCfg = Release|Any CPU
		{08342DB5-CF52-4AFC-8F03-BD76956A04EB}.Release|Any CPU.Build.0 = Release|Any CPU
		{08342DB5-CF52-4AFC-8F03-BD76956A04EB}.Release|x64.ActiveCfg = Release|x64
		{08342DB5-CF52-4AFC-8F03-BD76956A04EB}.Release|x64.Build.0 = Release|x64
		{38E93744-8FFA-40D7-97FE-B41B1C3F3AFD}.Debug|Any CPU.ActiveCfg = Debug|Any CPU
		{38E93744-8FFA-40D7-97FE-B41B1C3F3AFD}.Debug|Any CPU.Build.0 = Debug|Any CPU
		{38E93744-8FFA-40D7-97FE-B41B1C3F3AFD}.Debug|x64.ActiveCfg = Debug|x64
		{38E93744-8FFA-40D7-97FE-B41B1C3F3AFD}.Debug|x64.Build.0 = Debug|x64
		{38E93744-8FFA-40D7-97FE-B41B1C3F3AFD}.Release|Any CPU.ActiveCfg = Release|Any CPU
		{38E93744-8FFA-40D7-97FE-B41B1C3F3AFD}.Release|Any CPU.Build.0 = Release|Any CPU
		{38E93744-8FFA-40D7-97FE-B41B1C3F3AFD}.Release|x64.ActiveCfg = Release|x64
		{38E93744-8FFA-40D7-97FE-B41B1C3F3AFD}.Release|x64.Build.0 = Release|x64
		{ECFB40DB-A4D5-45D5-8C9F-29CF9B271B79}.Debug|Any CPU.ActiveCfg = Debug|x64
		{ECFB40DB-A4D5-45D5-8C9F-29CF9B271B79}.Debug|Any CPU.Build.0 = Debug|x64
		{ECFB40DB-A4D5-45D5-8C9F-29CF9B271B79}.Debug|x64.ActiveCfg = Debug|x64
		{ECFB40DB-A4D5-45D5-8C9F-29CF9B271B79}.Debug|x64.Build.0 = Debug|x64
		{ECFB40DB-A4D5-45D5-8C9F-29CF9B271B79}.Release|Any CPU.ActiveCfg = Release|x64
		{ECFB40DB-A4D5-45D5-8C9F-29CF9B271B79}.Release|Any CPU.Build.0 = Release|x64
		{ECFB40DB-A4D5-45D5-8C9F-29CF9B271B79}.Release|x64.ActiveCfg = Release|x64
		{ECFB40DB-A4D5-45D5-8C9F-29CF9B271B79}.Release|x64.Build.0 = Release|x64
		{675D775D-A248-4223-B9ED-636B372290BB}.Debug|Any CPU.ActiveCfg = Debug|x64
		{675D775D-A248-4223-B9ED-636B372290BB}.Debug|Any CPU.Build.0 = Debug|x64
		{675D775D-A248-4223-B9ED-636B372290BB}.Debug|x64.ActiveCfg = Debug|x64
		{675D775D-A248-4223-B9ED-636B372290BB}.Debug|x64.Build.0 = Debug|x64
		{675D775D-A248-4223-B9ED-636B372290BB}.Release|Any CPU.ActiveCfg = Release|x64
		{675D775D-A248-4223-B9ED-636B372290BB}.Release|Any CPU.Build.0 = Release|x64
		{675D775D-A248-4223-B9ED-636B372290BB}.Release|x64.ActiveCfg = Release|x64
		{675D775D-A248-4223-B9ED-636B372290BB}.Release|x64.Build.0 = Release|x64
		{4DD165EC-B24B-4563-B891-1934E1F17ACC}.Debug|Any CPU.ActiveCfg = Debug|x64
		{4DD165EC-B24B-4563-B891-1934E1F17ACC}.Debug|Any CPU.Build.0 = Debug|x64
		{4DD165EC-B24B-4563-B891-1934E1F17ACC}.Debug|x64.ActiveCfg = Debug|x64
		{4DD165EC-B24B-4563-B891-1934E1F17ACC}.Debug|x64.Build.0 = Debug|x64
		{4DD165EC-B24B-4563-B891-1934E1F17ACC}.Release|Any CPU.ActiveCfg = Release|x64
		{4DD165EC-B24B-4563-B891-1934E1F17ACC}.Release|Any CPU.Build.0 = Release|x64
		{4DD165EC-B24B-4563-B891-1934E1F17ACC}.Release|x64.ActiveCfg = Release|x64
		{4DD165EC-B24B-4563-B891-1934E1F17ACC}.Release|x64.Build.0 = Release|x64
		{4E2BC6AB-E62B-4E12-9AA5-8D5C559C7BFF}.Debug|Any CPU.ActiveCfg = Debug|x64
		{4E2BC6AB-E62B-4E12-9AA5-8D5C559C7BFF}.Debug|Any CPU.Build.0 = Debug|x64
		{4E2BC6AB-E62B-4E12-9AA5-8D5C559C7BFF}.Debug|x64.ActiveCfg = Debug|x64
		{4E2BC6AB-E62B-4E12-9AA5-8D5C559C7BFF}.Debug|x64.Build.0 = Debug|x64
		{4E2BC6AB-E62B-4E12-9AA5-8D5C559C7BFF}.Release|Any CPU.ActiveCfg = Release|x64
		{4E2BC6AB-E62B-4E12-9AA5-8D5C559C7BFF}.Release|Any CPU.Build.0 = Release|x64
		{4E2BC6AB-E62B-4E12-9AA5-8D5C559C7BFF}.Release|x64.ActiveCfg = Release|x64
		{4E2BC6AB-E62B-4E12-9AA5-8D5C559C7BFF}.Release|x64.Build.0 = Release|x64
		{C95FCC17-8F94-447F-9EB1-996C6403E7DD}.Debug|Any CPU.ActiveCfg = Debug|x64
		{C95FCC17-8F94-447F-9EB1-996C6403E7DD}.Debug|Any CPU.Build.0 = Debug|x64
		{C95FCC17-8F94-447F-9EB1-996C6403E7DD}.Debug|x64.ActiveCfg = Debug|x64
		{C95FCC17-8F94-447F-9EB1-996C6403E7DD}.Debug|x64.Build.0 = Debug|x64
		{C95FCC17-8F94-447F-9EB1-996C6403E7DD}.Release|Any CPU.ActiveCfg = Release|x64
		{C95FCC17-8F94-447F-9EB1-996C6403E7DD}.Release|Any CPU.Build.0 = Release|x64
		{C95FCC17-8F94-447F-9EB1-996C6403E7DD}.Release|x64.ActiveCfg = Release|x64
		{C95FCC17-8F94-447F-9EB1-996C6403E7DD}.Release|x64.Build.0 = Release|x64
		{DCA32B32-2192-4D42-9262-9B3EF84B70ED}.Debug|Any CPU.ActiveCfg = Debug|x64
		{DCA32B32-2192-4D42-9262-9B3EF84B70ED}.Debug|Any CPU.Build.0 = Debug|x64
		{DCA32B32-2192-4D42-9262-9B3EF84B70ED}.Debug|x64.ActiveCfg = Debug|x64
		{DCA32B32-2192-4D42-9262-9B3EF84B70ED}.Debug|x64.Build.0 = Debug|x64
		{DCA32B32-2192-4D42-9262-9B3EF84B70ED}.Release|Any CPU.ActiveCfg = Release|x64
		{DCA32B32-2192-4D42-9262-9B3EF84B70ED}.Release|Any CPU.Build.0 = Release|x64
		{DCA32B32-2192-4D42-9262-9B3EF84B70ED}.Release|x64.ActiveCfg = Release|x64
		{DCA32B32-2192-4D42-9262-9B3EF84B70ED}.Release|x64.Build.0 = Release|x64
	EndGlobalSection
	GlobalSection(SolutionProperties) = preSolution
		HideSolutionNode = FALSE
	EndGlobalSection
	GlobalSection(NestedProjects) = preSolution
		{08342DB5-CF52-4AFC-8F03-BD76956A04EB} = {AD1991CE-4832-4F0A-8668-698CFD9838CB}
		{38E93744-8FFA-40D7-97FE-B41B1C3F3AFD} = {AD1991CE-4832-4F0A-8668-698CFD9838CB}
		{ECFB40DB-A4D5-45D5-8C9F-29CF9B271B79} = {AD1991CE-4832-4F0A-8668-698CFD9838CB}
		{675D775D-A248-4223-B9ED-636B372290BB} = {AD1991CE-4832-4F0A-8668-698CFD9838CB}
		{4DD165EC-B24B-4563-B891-1934E1F17ACC} = {AD1991CE-4832-4F0A-8668-698CFD9838CB}
		{4E2BC6AB-E62B-4E12-9AA5-8D5C559C7BFF} = {AD1991CE-4832-4F0A-8668-698CFD9838CB}
		{C95FCC17-8F94-447F-9EB1-996C6403E7DD} = {AD1991CE-4832-4F0A-8668-698CFD9838CB}
		{DCA32B32-2192-4D42-9262-9B3EF84B70ED} = {AD1991CE-4832-4F0A-8668-698CFD9838CB}
	EndGlobalSection
EndGlobal
